
Microsoft Visual Studio Solution File, Format Version 12.00
# Visual Studio Version 16
VisualStudioVersion = 16.0.31105.61
MinimumVisualStudioVersion = 10.0.40219.1
Project("{FAE04EC0-301F-11D3-BF4B-00C04F79EFBC}") = "RabbitMQ.Producer", "RabbitMQ.Producer\RabbitMQ.Producer.csproj", "{426C73AF-C135-40CE-9D2B-A5614A7423E8}"
EndProject
Project("{FAE04EC0-301F-11D3-BF4B-00C04F79EFBC}") = "RabbitMQ.Consumer", "RabbitMQ.Consumer\RabbitMQ.Consumer.csproj", "{F1B0A932-8AE0-434A-B9C8-D4FE04D21D28}"
EndProject
Global
	GlobalSection(SolutionConfigurationPlatforms) = preSolution
		Debug|Any CPU = Debug|Any CPU
		Release|Any CPU = Release|Any CPU
	EndGlobalSection
	GlobalSection(ProjectConfigurationPlatforms) = postSolution
		{426C73AF-C135-40CE-9D2B-A5614A7423E8}.Debug|Any CPU.ActiveCfg = Debug|Any CPU
		{426C73AF-C135-40CE-9D2B-A5614A7423E8}.Debug|Any CPU.Build.0 = Debug|Any CPU
		{426C73AF-C135-40CE-9D2B-A5614A7423E8}.Release|Any CPU.ActiveCfg = Release|Any CPU
		{426C73AF-C135-40CE-9D2B-A5614A7423E8}.Release|Any CPU.Build.0 = Release|Any CPU
		{F1B0A932-8AE0-434A-B9C8-D4FE04D21D28}.Debug|Any CPU.ActiveCfg = Debug|Any CPU
		{F1B0A932-8AE0-434A-B9C8-D4FE04D21D28}.Debug|Any CPU.Build.0 = Debug|Any CPU
		{F1B0A932-8AE0-434A-B9C8-D4FE04D21D28}.Release|Any CPU.ActiveCfg = Release|Any CPU
		{F1B0A932-8AE0-434A-B9C8-D4FE04D21D28}.Release|Any CPU.Build.0 = Release|Any CPU
	EndGlobalSection
	GlobalSection(SolutionProperties) = preSolution
		HideSolutionNode = FALSE
	EndGlobalSection
	GlobalSection(ExtensibilityGlobals) = postSolution
		SolutionGuid = {1E0754A9-DE02-41E0-9731-0AE5EACB9395}
	EndGlobalSection
EndGlobal
